
Microsoft Visual Studio Solution File, Format Version 12.00
# Visual Studio 15
VisualStudioVersion = 15.0.28307.329
MinimumVisualStudioVersion = 10.0.40219.1
Project("{FAE04EC0-301F-11D3-BF4B-00C04F79EFBC}") = "bloxity.Android", "bloxity\bloxity.Android\bloxity.Android.csproj", "{8E5BE8CF-A17B-4C10-A890-677ECE5E4C8E}"
EndProject
Project("{FAE04EC0-301F-11D3-BF4B-00C04F79EFBC}") = "bloxity.iOS", "bloxity\bloxity.iOS\bloxity.iOS.csproj", "{315E6E2E-5D29-499E-AFED-7363DE39BE67}"
EndProject
Project("{FAE04EC0-301F-11D3-BF4B-00C04F79EFBC}") = "bloxity", "bloxity\bloxity\bloxity.csproj", "{C6CF04C5-2FC9-45D8-8F04-B01EC24D7880}"
EndProject
Global
	GlobalSection(SolutionConfigurationPlatforms) = preSolution
		Ad-Hoc|Any CPU = Ad-Hoc|Any CPU
		Ad-Hoc|iPhone = Ad-Hoc|iPhone
		Ad-Hoc|iPhoneSimulator = Ad-Hoc|iPhoneSimulator
		AppStore|Any CPU = AppStore|Any CPU
		AppStore|iPhone = AppStore|iPhone
		AppStore|iPhoneSimulator = AppStore|iPhoneSimulator
		Debug|Any CPU = Debug|Any CPU
		Debug|iPhone = Debug|iPhone
		Debug|iPhoneSimulator = Debug|iPhoneSimulator
		Release|Any CPU = Release|Any CPU
		Release|iPhone = Release|iPhone
		Release|iPhoneSimulator = Release|iPhoneSimulator
	EndGlobalSection
	GlobalSection(ProjectConfigurationPlatforms) = postSolution
		{8E5BE8CF-A17B-4C10-A890-677ECE5E4C8E}.Ad-Hoc|Any CPU.ActiveCfg = Release|Any CPU
		{8E5BE8CF-A17B-4C10-A890-677ECE5E4C8E}.Ad-Hoc|Any CPU.Build.0 = Release|Any CPU
		{8E5BE8CF-A17B-4C10-A890-677ECE5E4C8E}.Ad-Hoc|Any CPU.Deploy.0 = Release|Any CPU
		{8E5BE8CF-A17B-4C10-A890-677ECE5E4C8E}.Ad-Hoc|iPhone.ActiveCfg = Release|Any CPU
		{8E5BE8CF-A17B-4C10-A890-677ECE5E4C8E}.Ad-Hoc|iPhone.Build.0 = Release|Any CPU
		{8E5BE8CF-A17B-4C10-A890-677ECE5E4C8E}.Ad-Hoc|iPhone.Deploy.0 = Release|Any CPU
		{8E5BE8CF-A17B-4C10-A890-677ECE5E4C8E}.Ad-Hoc|iPhoneSimulator.ActiveCfg = Release|Any CPU
		{8E5BE8CF-A17B-4C10-A890-677ECE5E4C8E}.Ad-Hoc|iPhoneSimulator.Build.0 = Release|Any CPU
		{8E5BE8CF-A17B-4C10-A890-677ECE5E4C8E}.Ad-Hoc|iPhoneSimulator.Deploy.0 = Release|Any CPU
		{8E5BE8CF-A17B-4C10-A890-677ECE5E4C8E}.AppStore|Any CPU.ActiveCfg = Release|Any CPU
		{8E5BE8CF-A17B-4C10-A890-677ECE5E4C8E}.AppStore|Any CPU.Build.0 = Release|Any CPU
		{8E5BE8CF-A17B-4C10-A890-677ECE5E4C8E}.AppStore|Any CPU.Deploy.0 = Release|Any CPU
		{8E5BE8CF-A17B-4C10-A890-677ECE5E4C8E}.AppStore|iPhone.ActiveCfg = Release|Any CPU
		{8E5BE8CF-A17B-4C10-A890-677ECE5E4C8E}.AppStore|iPhone.Build.0 = Release|Any CPU
		{8E5BE8CF-A17B-4C10-A890-677ECE5E4C8E}.AppStore|iPhone.Deploy.0 = Release|Any CPU
		{8E5BE8CF-A17B-4C10-A890-677ECE5E4C8E}.AppStore|iPhoneSimulator.ActiveCfg = Release|Any CPU
		{8E5BE8CF-A17B-4C10-A890-677ECE5E4C8E}.AppStore|iPhoneSimulator.Build.0 = Release|Any CPU
		{8E5BE8CF-A17B-4C10-A890-677ECE5E4C8E}.AppStore|iPhoneSimulator.Deploy.0 = Release|Any CPU
		{8E5BE8CF-A17B-4C10-A890-677ECE5E4C8E}.Debug|Any CPU.ActiveCfg = Debug|Any CPU
		{8E5BE8CF-A17B-4C10-A890-677ECE5E4C8E}.Debug|Any CPU.Build.0 = Debug|Any CPU
		{8E5BE8CF-A17B-4C10-A890-677ECE5E4C8E}.Debug|Any CPU.Deploy.0 = Debug|Any CPU
		{8E5BE8CF-A17B-4C10-A890-677ECE5E4C8E}.Debug|iPhone.ActiveCfg = Debug|Any CPU
		{8E5BE8CF-A17B-4C10-A890-677ECE5E4C8E}.Debug|iPhone.Build.0 = Debug|Any CPU
		{8E5BE8CF-A17B-4C10-A890-677ECE5E4C8E}.Debug|iPhone.Deploy.0 = Debug|Any CPU
		{8E5BE8CF-A17B-4C10-A890-677ECE5E4C8E}.Debug|iPhoneSimulator.ActiveCfg = Debug|Any CPU
		{8E5BE8CF-A17B-4C10-A890-677ECE5E4C8E}.Debug|iPhoneSimulator.Build.0 = Debug|Any CPU
		{8E5BE8CF-A17B-4C10-A890-677ECE5E4C8E}.Debug|iPhoneSimulator.Deploy.0 = Debug|Any CPU
		{8E5BE8CF-A17B-4C10-A890-677ECE5E4C8E}.Release|Any CPU.ActiveCfg = Release|Any CPU
		{8E5BE8CF-A17B-4C10-A890-677ECE5E4C8E}.Release|Any CPU.Build.0 = Release|Any CPU
		{8E5BE8CF-A17B-4C10-A890-677ECE5E4C8E}.Release|Any CPU.Deploy.0 = Release|Any CPU
		{8E5BE8CF-A17B-4C10-A890-677ECE5E4C8E}.Release|iPhone.ActiveCfg = Release|Any CPU
		{8E5BE8CF-A17B-4C10-A890-677ECE5E4C8E}.Release|iPhone.Build.0 = Release|Any CPU
		{8E5BE8CF-A17B-4C10-A890-677ECE5E4C8E}.Release|iPhone.Deploy.0 = Release|Any CPU
		{8E5BE8CF-A17B-4C10-A890-677ECE5E4C8E}.Release|iPhoneSimulator.ActiveCfg = Release|Any CPU
		{8E5BE8CF-A17B-4C10-A890-677ECE5E4C8E}.Release|iPhoneSimulator.Build.0 = Release|Any CPU
		{8E5BE8CF-A17B-4C10-A890-677ECE5E4C8E}.Release|iPhoneSimulator.Deploy.0 = Release|Any CPU
		{315E6E2E-5D29-499E-AFED-7363DE39BE67}.Ad-Hoc|Any CPU.ActiveCfg = Ad-Hoc|iPhone
		{315E6E2E-5D29-499E-AFED-7363DE39BE67}.Ad-Hoc|Any CPU.Build.0 = Ad-Hoc|iPhone
		{315E6E2E-5D29-499E-AFED-7363DE39BE67}.Ad-Hoc|Any CPU.Deploy.0 = Ad-Hoc|iPhone
		{315E6E2E-5D29-499E-AFED-7363DE39BE67}.Ad-Hoc|iPhone.ActiveCfg = Ad-Hoc|iPhone
		{315E6E2E-5D29-499E-AFED-7363DE39BE67}.Ad-Hoc|iPhone.Build.0 = Ad-Hoc|iPhone
		{315E6E2E-5D29-499E-AFED-7363DE39BE67}.Ad-Hoc|iPhone.Deploy.0 = Ad-Hoc|iPhone
		{315E6E2E-5D29-499E-AFED-7363DE39BE67}.Ad-Hoc|iPhoneSimulator.ActiveCfg = Ad-Hoc|iPhoneSimulator
		{315E6E2E-5D29-499E-AFED-7363DE39BE67}.Ad-Hoc|iPhoneSimulator.Build.0 = Ad-Hoc|iPhoneSimulator
		{315E6E2E-5D29-499E-AFED-7363DE39BE67}.Ad-Hoc|iPhoneSimulator.Deploy.0 = Ad-Hoc|iPhoneSimulator
		{315E6E2E-5D29-499E-AFED-7363DE39BE67}.AppStore|Any CPU.ActiveCfg = AppStore|iPhone
		{315E6E2E-5D29-499E-AFED-7363DE39BE67}.AppStore|Any CPU.Build.0 = AppStore|iPhone
		{315E6E2E-5D29-499E-AFED-7363DE39BE67}.AppStore|Any CPU.Deploy.0 = AppStore|iPhone
		{315E6E2E-5D29-499E-AFED-7363DE39BE67}.AppStore|iPhone.ActiveCfg = AppStore|iPhone
		{315E6E2E-5D29-499E-AFED-7363DE39BE67}.AppStore|iPhone.Build.0 = AppStore|iPhone
		{315E6E2E-5D29-499E-AFED-7363DE39BE67}.AppStore|iPhone.Deploy.0 = AppStore|iPhone
		{315E6E2E-5D29-499E-AFED-7363DE39BE67}.AppStore|iPhoneSimulator.ActiveCfg = AppStore|iPhoneSimulator
		{315E6E2E-5D29-499E-AFED-7363DE39BE67}.AppStore|iPhoneSimulator.Build.0 = AppStore|iPhoneSimulator
		{315E6E2E-5D29-499E-AFED-7363DE39BE67}.AppStore|iPhoneSimulator.Deploy.0 = AppStore|iPhoneSimulator
		{315E6E2E-5D29-499E-AFED-7363DE39BE67}.Debug|Any CPU.ActiveCfg = Debug|iPhoneSimulator
		{315E6E2E-5D29-499E-AFED-7363DE39BE67}.Debug|Any CPU.Build.0 = Debug|iPhoneSimulator
		{315E6E2E-5D29-499E-AFED-7363DE39BE67}.Debug|Any CPU.Deploy.0 = Debug|iPhoneSimulator
		{315E6E2E-5D29-499E-AFED-7363DE39BE67}.Debug|iPhone.ActiveCfg = Debug|iPhone
		{315E6E2E-5D29-499E-AFED-7363DE39BE67}.Debug|iPhone.Build.0 = Debug|iPhone
		{315E6E2E-5D29-499E-AFED-7363DE39BE67}.Debug|iPhone.Deploy.0 = Debug|iPhone
		{315E6E2E-5D29-499E-AFED-7363DE39BE67}.Debug|iPhoneSimulator.ActiveCfg = Debug|iPhoneSimulator
		{315E6E2E-5D29-499E-AFED-7363DE39BE67}.Debug|iPhoneSimulator.Build.0 = Debug|iPhoneSimulator
		{315E6E2E-5D29-499E-AFED-7363DE39BE67}.Debug|iPhoneSimulator.Deploy.0 = Debug|iPhoneSimulator
		{315E6E2E-5D29-499E-AFED-7363DE39BE67}.Release|Any CPU.ActiveCfg = Release|iPhone
		{315E6E2E-5D29-499E-AFED-7363DE39BE67}.Release|Any CPU.Build.0 = Release|iPhone
		{315E6E2E-5D29-499E-AFED-7363DE39BE67}.Release|Any CPU.Deploy.0 = Release|iPhone
		{315E6E2E-5D29-499E-AFED-7363DE39BE67}.Release|iPhone.ActiveCfg = Release|iPhone
		{315E6E2E-5D29-499E-AFED-7363DE39BE67}.Release|iPhone.Build.0 = Release|iPhone
		{315E6E2E-5D29-499E-AFED-7363DE39BE67}.Release|iPhone.Deploy.0 = Release|iPhone
		{315E6E2E-5D29-499E-AFED-7363DE39BE67}.Release|iPhoneSimulator.ActiveCfg = Release|iPhoneSimulator
		{315E6E2E-5D29-499E-AFED-7363DE39BE67}.Release|iPhoneSimulator.Build.0 = Release|iPhoneSimulator
		{315E6E2E-5D29-499E-AFED-7363DE39BE67}.Release|iPhoneSimulator.Deploy.0 = Release|iPhoneSimulator
		{C6CF04C5-2FC9-45D8-8F04-B01EC24D7880}.Ad-Hoc|Any CPU.ActiveCfg = Debug|Any CPU
		{C6CF04C5-2FC9-45D8-8F04-B01EC24D7880}.Ad-Hoc|Any CPU.Build.0 = Debug|Any CPU
		{C6CF04C5-2FC9-45D8-8F04-B01EC24D7880}.Ad-Hoc|Any CPU.Deploy.0 = Debug|Any CPU
		{C6CF04C5-2FC9-45D8-8F04-B01EC24D7880}.Ad-Hoc|iPhone.ActiveCfg = Debug|Any CPU
		{C6CF04C5-2FC9-45D8-8F04-B01EC24D7880}.Ad-Hoc|iPhone.Build.0 = Debug|Any CPU
		{C6CF04C5-2FC9-45D8-8F04-B01EC24D7880}.Ad-Hoc|iPhone.Deploy.0 = Debug|Any CPU
		{C6CF04C5-2FC9-45D8-8F04-B01EC24D7880}.Ad-Hoc|iPhoneSimulator.ActiveCfg = Debug|Any CPU
		{C6CF04C5-2FC9-45D8-8F04-B01EC24D7880}.Ad-Hoc|iPhoneSimulator.Build.0 = Debug|Any CPU
		{C6CF04C5-2FC9-45D8-8F04-B01EC24D7880}.Ad-Hoc|iPhoneSimulator.Deploy.0 = Debug|Any CPU
		{C6CF04C5-2FC9-45D8-8F04-B01EC24D7880}.AppStore|Any CPU.ActiveCfg = Debug|Any CPU
		{C6CF04C5-2FC9-45D8-8F04-B01EC24D7880}.AppStore|Any CPU.Build.0 = Debug|Any CPU
		{C6CF04C5-2FC9-45D8-8F04-B01EC24D7880}.AppStore|Any CPU.Deploy.0 = Debug|Any CPU
		{C6CF04C5-2FC9-45D8-8F04-B01EC24D7880}.AppStore|iPhone.ActiveCfg = Debug|Any CPU
		{C6CF04C5-2FC9-45D8-8F04-B01EC24D7880}.AppStore|iPhone.Build.0 = Debug|Any CPU
		{C6CF04C5-2FC9-45D8-8F04-B01EC24D7880}.AppStore|iPhone.Deploy.0 = Debug|Any CPU
		{C6CF04C5-2FC9-45D8-8F04-B01EC24D7880}.AppStore|iPhoneSimulator.ActiveCfg = Debug|Any CPU
		{C6CF04C5-2FC9-45D8-8F04-B01EC24D7880}.AppStore|iPhoneSimulator.Build.0 = Debug|Any CPU
		{C6CF04C5-2FC9-45D8-8F04-B01EC24D7880}.AppStore|iPhoneSimulator.Deploy.0 = Debug|Any CPU
		{C6CF04C5-2FC9-45D8-8F04-B01EC24D7880}.Debug|Any CPU.ActiveCfg = Debug|Any CPU
		{C6CF04C5-2FC9-45D8-8F04-B01EC24D7880}.Debug|Any CPU.Build.0 = Debug|Any CPU
		{C6CF04C5-2FC9-45D8-8F04-B01EC24D7880}.Debug|Any CPU.Deploy.0 = Debug|Any CPU
		{C6CF04C5-2FC9-45D8-8F04-B01EC24D7880}.Debug|iPhone.ActiveCfg = Debug|Any CPU
		{C6CF04C5-2FC9-45D8-8F04-B01EC24D7880}.Debug|iPhone.Build.0 = Debug|Any CPU
		{C6CF04C5-2FC9-45D8-8F04-B01EC24D7880}.Debug|iPhone.Deploy.0 = Debug|Any CPU
		{C6CF04C5-2FC9-45D8-8F04-B01EC24D7880}.Debug|iPhoneSimulator.ActiveCfg = Debug|Any CPU
		{C6CF04C5-2FC9-45D8-8F04-B01EC24D7880}.Debug|iPhoneSimulator.Build.0 = Debug|Any CPU
		{C6CF04C5-2FC9-45D8-8F04-B01EC24D7880}.Debug|iPhoneSimulator.Deploy.0 = Debug|Any CPU
		{C6CF04C5-2FC9-45D8-8F04-B01EC24D7880}.Release|Any CPU.ActiveCfg = Release|Any CPU
		{C6CF04C5-2FC9-45D8-8F04-B01EC24D7880}.Release|Any CPU.Build.0 = Release|Any CPU
		{C6CF04C5-2FC9-45D8-8F04-B01EC24D7880}.Release|Any CPU.Deploy.0 = Release|Any CPU
		{C6CF04C5-2FC9-45D8-8F04-B01EC24D7880}.Release|iPhone.ActiveCfg = Release|Any CPU
		{C6CF04C5-2FC9-45D8-8F04-B01EC24D7880}.Release|iPhone.Build.0 = Release|Any CPU
		{C6CF04C5-2FC9-45D8-8F04-B01EC24D7880}.Release|iPhone.Deploy.0 = Release|Any CPU
		{C6CF04C5-2FC9-45D8-8F04-B01EC24D7880}.Release|iPhoneSimulator.ActiveCfg = Release|Any CPU
		{C6CF04C5-2FC9-45D8-8F04-B01EC24D7880}.Release|iPhoneSimulator.Build.0 = Release|Any CPU
		{C6CF04C5-2FC9-45D8-8F04-B01EC24D7880}.Release|iPhoneSimulator.Deploy.0 = Release|Any CPU
	EndGlobalSection
	GlobalSection(SolutionProperties) = preSolution
		HideSolutionNode = FALSE
	EndGlobalSection
	GlobalSection(ExtensibilityGlobals) = postSolution
		SolutionGuid = {7F46E557-C64F-4D31-BBC5-69E62ED70161}
	EndGlobalSection
EndGlobal
